
Microsoft Visual Studio Solution File, Format Version 12.00
# Visual Studio Version 17
VisualStudioVersion = 17.5.002.0
MinimumVisualStudioVersion = 10.0.40219.1
Project("{9A19103F-16F7-4668-BE54-9A1E7A4F7556}") = ".NET-Contoso-Pet-App", ".NET-Contoso-Pet-App.csproj", "{ED4A3EAE-2DC3-4178-8A4D-441B1FD41ECA}"
EndProject
Global
	GlobalSection(SolutionConfigurationPlatforms) = preSolution
		Debug|Any CPU = Debug|Any CPU
		Release|Any CPU = Release|Any CPU
	EndGlobalSection
	GlobalSection(ProjectConfigurationPlatforms) = postSolution
		{ED4A3EAE-2DC3-4178-8A4D-441B1FD41ECA}.Debug|Any CPU.ActiveCfg = Debug|Any CPU
		{ED4A3EAE-2DC3-4178-8A4D-441B1FD41ECA}.Debug|Any CPU.Build.0 = Debug|Any CPU
		{ED4A3EAE-2DC3-4178-8A4D-441B1FD41ECA}.Release|Any CPU.ActiveCfg = Release|Any CPU
		{ED4A3EAE-2DC3-4178-8A4D-441B1FD41ECA}.Release|Any CPU.Build.0 = Release|Any CPU
	EndGlobalSection
	GlobalSection(SolutionProperties) = preSolution
		HideSolutionNode = FALSE
	EndGlobalSection
	GlobalSection(ExtensibilityGlobals) = postSolution
		SolutionGuid = {A210864A-E408-4130-8FD0-C3209FFB21B1}
	EndGlobalSection
EndGlobal
